
Microsoft Visual Studio Solution File, Format Version 12.00
# Visual Studio 14
VisualStudioVersion = 14.0.25420.1
MinimumVisualStudioVersion = 10.0.40219.1
Project("{FAE04EC0-301F-11D3-BF4B-00C04F79EFBC}") = "Snappy", "Snappy\Snappy.csproj", "{723DABAC-B831-42DB-B691-49D1DDAB9FFE}"
EndProject
Project("{FAE04EC0-301F-11D3-BF4B-00C04F79EFBC}") = "Snappy.XunitTests", "Snappy.XunitTests\Snappy.XunitTests.csproj", "{C79C50F8-04F2-418D-97ED-70C05124036D}"
EndProject
Project("{FAE04EC0-301F-11D3-BF4B-00C04F79EFBC}") = "Snappy.GmapHelpers", "Snappy.GmapHelpers\SnappyVisualizer\Snappy.GmapHelpers.csproj", "{8554FAA7-9C0C-4208-BC1D-68D41AC81966}"
EndProject
Global
	GlobalSection(SolutionConfigurationPlatforms) = preSolution
		Debug|Any CPU = Debug|Any CPU
		Release|Any CPU = Release|Any CPU
	EndGlobalSection
	GlobalSection(ProjectConfigurationPlatforms) = postSolution
		{723DABAC-B831-42DB-B691-49D1DDAB9FFE}.Debug|Any CPU.ActiveCfg = Debug|Any CPU
		{723DABAC-B831-42DB-B691-49D1DDAB9FFE}.Debug|Any CPU.Build.0 = Debug|Any CPU
		{723DABAC-B831-42DB-B691-49D1DDAB9FFE}.Release|Any CPU.ActiveCfg = Release|Any CPU
		{723DABAC-B831-42DB-B691-49D1DDAB9FFE}.Release|Any CPU.Build.0 = Release|Any CPU
		{C79C50F8-04F2-418D-97ED-70C05124036D}.Debug|Any CPU.ActiveCfg = Debug|Any CPU
		{C79C50F8-04F2-418D-97ED-70C05124036D}.Debug|Any CPU.Build.0 = Debug|Any CPU
		{C79C50F8-04F2-418D-97ED-70C05124036D}.Release|Any CPU.ActiveCfg = Release|Any CPU
		{C79C50F8-04F2-418D-97ED-70C05124036D}.Release|Any CPU.Build.0 = Release|Any CPU
		{8554FAA7-9C0C-4208-BC1D-68D41AC81966}.Debug|Any CPU.ActiveCfg = Debug|Any CPU
		{8554FAA7-9C0C-4208-BC1D-68D41AC81966}.Debug|Any CPU.Build.0 = Debug|Any CPU
		{8554FAA7-9C0C-4208-BC1D-68D41AC81966}.Release|Any CPU.ActiveCfg = Release|Any CPU
		{8554FAA7-9C0C-4208-BC1D-68D41AC81966}.Release|Any CPU.Build.0 = Release|Any CPU
	EndGlobalSection
	GlobalSection(SolutionProperties) = preSolution
		HideSolutionNode = FALSE
	EndGlobalSection
EndGlobal
